{
  "name": "supersonic-cli",
  "version": "0.9.0",
  "lockfileVersion": 3,
  "requires": true,
  "packages": {
    "": {
      "name": "supersonic-cli",
      "version": "0.9.0",
      "license": "MIT",
      "dependencies": {
        "supersonic-cli": "^0.2.0"
      },
      "bin": {
        "supersonic": "index.js"
      },
      "engines": {
        "node": ">=20"
      }
    },
    "node_modules/supersonic-cli": {
      "version": "0.2.0",
      "resolved": "https://registry.npmjs.org/supersonic-cli/-/supersonic-cli-0.2.0.tgz",
      "integrity": "sha512-tVCXExs0mgf9nDbjVS8ktrxyb/+IqXATNltCs/+OptVLyudqmVrEt7OA0YshO5gShLF8YWrOJCkIt3pbxyzbqQ==",
      "license": "MIT",
      "bin": {
        "supersonic": "index.js"
      },
      "engines": {
        "node": ">=20"
      }
    }
  }
}
